
Microsoft Visual Studio Solution File, Format Version 12.00
# Visual Studio Version 16
VisualStudioVersion = 16.0.31129.286
MinimumVisualStudioVersion = 10.0.40219.1
Project("{FAE04EC0-301F-11D3-BF4B-00C04F79EFBC}") = "API", "API\API.csproj", "{5BC1DF90-D9AF-4DB3-948C-2D55FEE29F60}"
EndProject
Global
	GlobalSection(SolutionConfigurationPlatforms) = preSolution
		Debug|Any CPU = Debug|Any CPU
		Release|Any CPU = Release|Any CPU
	EndGlobalSection
	GlobalSection(ProjectConfigurationPlatforms) = postSolution
		{5BC1DF90-D9AF-4DB3-948C-2D55FEE29F60}.Debug|Any CPU.ActiveCfg = Debug|Any CPU
		{5BC1DF90-D9AF-4DB3-948C-2D55FEE29F60}.Debug|Any CPU.Build.0 = Debug|Any CPU
		{5BC1DF90-D9AF-4DB3-948C-2D55FEE29F60}.Release|Any CPU.ActiveCfg = Release|Any CPU
		{5BC1DF90-D9AF-4DB3-948C-2D55FEE29F60}.Release|Any CPU.Build.0 = Release|Any CPU
	EndGlobalSection
	GlobalSection(SolutionProperties) = preSolution
		HideSolutionNode = FALSE
	EndGlobalSection
	GlobalSection(ExtensibilityGlobals) = postSolution
		SolutionGuid = {BE5DA066-D61B-4172-80B4-5A513713C463}
	EndGlobalSection
EndGlobal
